
Microsoft Visual Studio Solution File, Format Version 12.00
# Visual Studio 15
VisualStudioVersion = 15.0.26124.0
MinimumVisualStudioVersion = 15.0.26124.0
Project("{FAE04EC0-301F-11D3-BF4B-00C04F79EFBC}") = "Mvc", "Mvc\Mvc.csproj", "{641587D1-7809-4EE5-9CE0-9AA827EEF29B}"
EndProject
Project("{FAE04EC0-301F-11D3-BF4B-00C04F79EFBC}") = "Dominio", "Dominio\Dominio.csproj", "{A8F605D3-BE52-4346-8586-85540CDC7CBD}"
EndProject
Project("{FAE04EC0-301F-11D3-BF4B-00C04F79EFBC}") = "Dados", "Dados\Dados.csproj", "{EB5C06EB-6C18-49DF-8D38-77958C78BF34}"
EndProject
Global
	GlobalSection(SolutionConfigurationPlatforms) = preSolution
		Debug|Any CPU = Debug|Any CPU
		Debug|x64 = Debug|x64
		Debug|x86 = Debug|x86
		Release|Any CPU = Release|Any CPU
		Release|x64 = Release|x64
		Release|x86 = Release|x86
	EndGlobalSection
	GlobalSection(SolutionProperties) = preSolution
		HideSolutionNode = FALSE
	EndGlobalSection
	GlobalSection(ProjectConfigurationPlatforms) = postSolution
		{641587D1-7809-4EE5-9CE0-9AA827EEF29B}.Debug|Any CPU.ActiveCfg = Debug|Any CPU
		{641587D1-7809-4EE5-9CE0-9AA827EEF29B}.Debug|Any CPU.Build.0 = Debug|Any CPU
		{641587D1-7809-4EE5-9CE0-9AA827EEF29B}.Debug|x64.ActiveCfg = Debug|Any CPU
		{641587D1-7809-4EE5-9CE0-9AA827EEF29B}.Debug|x64.Build.0 = Debug|Any CPU
		{641587D1-7809-4EE5-9CE0-9AA827EEF29B}.Debug|x86.ActiveCfg = Debug|Any CPU
		{641587D1-7809-4EE5-9CE0-9AA827EEF29B}.Debug|x86.Build.0 = Debug|Any CPU
		{641587D1-7809-4EE5-9CE0-9AA827EEF29B}.Release|Any CPU.ActiveCfg = Release|Any CPU
		{641587D1-7809-4EE5-9CE0-9AA827EEF29B}.Release|Any CPU.Build.0 = Release|Any CPU
		{641587D1-7809-4EE5-9CE0-9AA827EEF29B}.Release|x64.ActiveCfg = Release|Any CPU
		{641587D1-7809-4EE5-9CE0-9AA827EEF29B}.Release|x64.Build.0 = Release|Any CPU
		{641587D1-7809-4EE5-9CE0-9AA827EEF29B}.Release|x86.ActiveCfg = Release|Any CPU
		{641587D1-7809-4EE5-9CE0-9AA827EEF29B}.Release|x86.Build.0 = Release|Any CPU
		{A8F605D3-BE52-4346-8586-85540CDC7CBD}.Debug|Any CPU.ActiveCfg = Debug|Any CPU
		{A8F605D3-BE52-4346-8586-85540CDC7CBD}.Debug|Any CPU.Build.0 = Debug|Any CPU
		{A8F605D3-BE52-4346-8586-85540CDC7CBD}.Debug|x64.ActiveCfg = Debug|Any CPU
		{A8F605D3-BE52-4346-8586-85540CDC7CBD}.Debug|x64.Build.0 = Debug|Any CPU
		{A8F605D3-BE52-4346-8586-85540CDC7CBD}.Debug|x86.ActiveCfg = Debug|Any CPU
		{A8F605D3-BE52-4346-8586-85540CDC7CBD}.Debug|x86.Build.0 = Debug|Any CPU
		{A8F605D3-BE52-4346-8586-85540CDC7CBD}.Release|Any CPU.ActiveCfg = Release|Any CPU
		{A8F605D3-BE52-4346-8586-85540CDC7CBD}.Release|Any CPU.Build.0 = Release|Any CPU
		{A8F605D3-BE52-4346-8586-85540CDC7CBD}.Release|x64.ActiveCfg = Release|Any CPU
		{A8F605D3-BE52-4346-8586-85540CDC7CBD}.Release|x64.Build.0 = Release|Any CPU
		{A8F605D3-BE52-4346-8586-85540CDC7CBD}.Release|x86.ActiveCfg = Release|Any CPU
		{A8F605D3-BE52-4346-8586-85540CDC7CBD}.Release|x86.Build.0 = Release|Any CPU
		{EB5C06EB-6C18-49DF-8D38-77958C78BF34}.Debug|Any CPU.ActiveCfg = Debug|Any CPU
		{EB5C06EB-6C18-49DF-8D38-77958C78BF34}.Debug|Any CPU.Build.0 = Debug|Any CPU
		{EB5C06EB-6C18-49DF-8D38-77958C78BF34}.Debug|x64.ActiveCfg = Debug|Any CPU
		{EB5C06EB-6C18-49DF-8D38-77958C78BF34}.Debug|x64.Build.0 = Debug|Any CPU
		{EB5C06EB-6C18-49DF-8D38-77958C78BF34}.Debug|x86.ActiveCfg = Debug|Any CPU
		{EB5C06EB-6C18-49DF-8D38-77958C78BF34}.Debug|x86.Build.0 = Debug|Any CPU
		{EB5C06EB-6C18-49DF-8D38-77958C78BF34}.Release|Any CPU.ActiveCfg = Release|Any CPU
		{EB5C06EB-6C18-49DF-8D38-77958C78BF34}.Release|Any CPU.Build.0 = Release|Any CPU
		{EB5C06EB-6C18-49DF-8D38-77958C78BF34}.Release|x64.ActiveCfg = Release|Any CPU
		{EB5C06EB-6C18-49DF-8D38-77958C78BF34}.Release|x64.Build.0 = Release|Any CPU
		{EB5C06EB-6C18-49DF-8D38-77958C78BF34}.Release|x86.ActiveCfg = Release|Any CPU
		{EB5C06EB-6C18-49DF-8D38-77958C78BF34}.Release|x86.Build.0 = Release|Any CPU
	EndGlobalSection
EndGlobal
